// !$*UTF8*$!
{
	archiveVersion = 1;
	classes = {
	};
	objectVersion = 46;
	objects = {

/* Begin PBXAggregateTarget section */
		C771B694137D6F1200FA004C /* Universal_Framework */ = {
			isa = PBXAggregateTarget;
			buildConfigurationList = C771B6A1137D6F1200FA004C /* Build configuration list for PBXAggregateTarget "Universal_Framework" */;
			buildPhases = (
				C771B693137D6F1200FA004C /* ShellScript */,
			);
			dependencies = (
			);
			name = Universal_Framework;
			productName = Universal_Framework;
		};
/* End PBXAggregateTarget section */

/* Begin PBXBuildFile section */
		C771B692137D6F1200FA004C /* Foundation.framework in Frameworks */ = {isa = PBXBuildFile; fileRef = C771B691137D6F1200FA004C /* Foundation.framework */; };
		C771B69A137D6F1200FA004C /* InfoPlist.strings in Resources */ = {isa = PBXBuildFile; fileRef = C771B698137D6F1200FA004C /* InfoPlist.strings */; };
		C771B6AE137D6F7A00FA004C /* JSONKit.h in Headers */ = {isa = PBXBuildFile; fileRef = C771B6A5137D6F7A00FA004C /* JSONKit.h */; settings = {ATTRIBUTES = (Public, ); }; };
		C771B6AF137D6F7A00FA004C /* JSONKit.m in Sources */ = {isa = PBXBuildFile; fileRef = C771B6A6137D6F7A00FA004C /* JSONKit.m */; };
		C771B6B0137D6F7A00FA004C /* LBObjectManager.h in Headers */ = {isa = PBXBuildFile; fileRef = C771B6A7137D6F7A00FA004C /* LBObjectManager.h */; settings = {ATTRIBUTES = (Public, ); }; };
		C771B6B1137D6F7A00FA004C /* LBObjectManager.m in Sources */ = {isa = PBXBuildFile; fileRef = C771B6A8137D6F7A00FA004C /* LBObjectManager.m */; };
		C771B6B2137D6F7A00FA004C /* Lidenbrock.h in Headers */ = {isa = PBXBuildFile; fileRef = C771B6A9137D6F7A00FA004C /* Lidenbrock.h */; settings = {ATTRIBUTES = (Public, ); }; };
		C771B6B3137D6F7A00FA004C /* NSManagedObject+Lidenbrock.h in Headers */ = {isa = PBXBuildFile; fileRef = C771B6AA137D6F7A00FA004C /* NSManagedObject+Lidenbrock.h */; settings = {ATTRIBUTES = (Public, ); }; };
		C771B6B4137D6F7A00FA004C /* NSManagedObject+Lidenbrock.m in Sources */ = {isa = PBXBuildFile; fileRef = C771B6AB137D6F7A00FA004C /* NSManagedObject+Lidenbrock.m */; };
		C771B6B5137D6F7A00FA004C /* NSManagedObjectContext+Lidenbrock.h in Headers */ = {isa = PBXBuildFile; fileRef = C771B6AC137D6F7A00FA004C /* NSManagedObjectContext+Lidenbrock.h */; settings = {ATTRIBUTES = (Public, ); }; };
		C771B6B6137D6F7A00FA004C /* NSManagedObjectContext+Lidenbrock.m in Sources */ = {isa = PBXBuildFile; fileRef = C771B6AD137D6F7A00FA004C /* NSManagedObjectContext+Lidenbrock.m */; };
		C771B6BA137D6FD400FA004C /* CoreData.framework in Frameworks */ = {isa = PBXBuildFile; fileRef = C771B6B8137D6FD400FA004C /* CoreData.framework */; };
		C771B6BB137D6FD400FA004C /* UIKit.framework in Frameworks */ = {isa = PBXBuildFile; fileRef = C771B6B9137D6FD400FA004C /* UIKit.framework */; };
/* End PBXBuildFile section */

/* Begin PBXFileReference section */
		C771B68E137D6F1200FA004C /* Lidenbrock.framework */ = {isa = PBXFileReference; explicitFileType = wrapper.framework.static; includeInIndex = 0; path = Lidenbrock.framework; sourceTree = BUILT_PRODUCTS_DIR; };
		C771B691137D6F1200FA004C /* Foundation.framework */ = {isa = PBXFileReference; lastKnownFileType = wrapper.framework; name = Foundation.framework; path = System/Library/Frameworks/Foundation.framework; sourceTree = SDKROOT; };
		C771B697137D6F1200FA004C /* Lidenbrock-Info.plist */ = {isa = PBXFileReference; lastKnownFileType = text.plist.xml; path = "Lidenbrock-Info.plist"; sourceTree = "<group>"; };
		C771B699137D6F1200FA004C /* en */ = {isa = PBXFileReference; lastKnownFileType = text.plist.strings; name = en; path = en.lproj/InfoPlist.strings; sourceTree = "<group>"; };
		C771B69B137D6F1200FA004C /* Lidenbrock-Prefix.pch */ = {isa = PBXFileReference; lastKnownFileType = sourcecode.c.h; path = "Lidenbrock-Prefix.pch"; sourceTree = "<group>"; };
		C771B6A5137D6F7A00FA004C /* JSONKit.h */ = {isa = PBXFileReference; fileEncoding = 4; lastKnownFileType = sourcecode.c.h; path = JSONKit.h; sourceTree = "<group>"; };
		C771B6A6137D6F7A00FA004C /* JSONKit.m */ = {isa = PBXFileReference; fileEncoding = 4; lastKnownFileType = sourcecode.c.objc; path = JSONKit.m; sourceTree = "<group>"; };
		C771B6A7137D6F7A00FA004C /* LBObjectManager.h */ = {isa = PBXFileReference; fileEncoding = 4; lastKnownFileType = sourcecode.c.h; path = LBObjectManager.h; sourceTree = "<group>"; };
		C771B6A8137D6F7A00FA004C /* LBObjectManager.m */ = {isa = PBXFileReference; fileEncoding = 4; lastKnownFileType = sourcecode.c.objc; path = LBObjectManager.m; sourceTree = "<group>"; };
		C771B6A9137D6F7A00FA004C /* Lidenbrock.h */ = {isa = PBXFileReference; fileEncoding = 4; lastKnownFileType = sourcecode.c.h; path = Lidenbrock.h; sourceTree = "<group>"; };
		C771B6AA137D6F7A00FA004C /* NSManagedObject+Lidenbrock.h */ = {isa = PBXFileReference; fileEncoding = 4; lastKnownFileType = sourcecode.c.h; path = "NSManagedObject+Lidenbrock.h"; sourceTree = "<group>"; };
		C771B6AB137D6F7A00FA004C /* NSManagedObject+Lidenbrock.m */ = {isa = PBXFileReference; fileEncoding = 4; lastKnownFileType = sourcecode.c.objc; path = "NSManagedObject+Lidenbrock.m"; sourceTree = "<group>"; };
		C771B6AC137D6F7A00FA004C /* NSManagedObjectContext+Lidenbrock.h */ = {isa = PBXFileReference; fileEncoding = 4; lastKnownFileType = sourcecode.c.h; path = "NSManagedObjectContext+Lidenbrock.h"; sourceTree = "<group>"; };
		C771B6AD137D6F7A00FA004C /* NSManagedObjectContext+Lidenbrock.m */ = {isa = PBXFileReference; fileEncoding = 4; lastKnownFileType = sourcecode.c.objc; path = "NSManagedObjectContext+Lidenbrock.m"; sourceTree = "<group>"; };
		C771B6B7137D6FB400FA004C /* README.md */ = {isa = PBXFileReference; lastKnownFileType = text; path = README.md; sourceTree = "<group>"; };
		C771B6B8137D6FD400FA004C /* CoreData.framework */ = {isa = PBXFileReference; lastKnownFileType = wrapper.framework; name = CoreData.framework; path = System/Library/Frameworks/CoreData.framework; sourceTree = SDKROOT; };
		C771B6B9137D6FD400FA004C /* UIKit.framework */ = {isa = PBXFileReference; lastKnownFileType = wrapper.framework; name = UIKit.framework; path = System/Library/Frameworks/UIKit.framework; sourceTree = SDKROOT; };
/* End PBXFileReference section */

/* Begin PBXFrameworksBuildPhase section */
		C771B68A137D6F1200FA004C /* Frameworks */ = {
			isa = PBXFrameworksBuildPhase;
			buildActionMask = 2147483647;
			files = (
				C771B692137D6F1200FA004C /* Foundation.framework in Frameworks */,
				C771B6BA137D6FD400FA004C /* CoreData.framework in Frameworks */,
				C771B6BB137D6FD400FA004C /* UIKit.framework in Frameworks */,
			);
			runOnlyForDeploymentPostprocessing = 0;
		};
/* End PBXFrameworksBuildPhase section */

/* Begin PBXGroup section */
		C771B682137D6F1200FA004C = {
			isa = PBXGroup;
			children = (
				C771B6B7137D6FB400FA004C /* README.md */,
				C771B695137D6F1200FA004C /* Lidenbrock */,
				C771B690137D6F1200FA004C /* Frameworks */,
				C771B68F137D6F1200FA004C /* Products */,
			);
			sourceTree = "<group>";
		};
		C771B68F137D6F1200FA004C /* Products */ = {
			isa = PBXGroup;
			children = (
				C771B68E137D6F1200FA004C /* Lidenbrock.framework */,
			);
			name = Products;
			sourceTree = "<group>";
		};
		C771B690137D6F1200FA004C /* Frameworks */ = {
			isa = PBXGroup;
			children = (
				C771B6B8137D6FD400FA004C /* CoreData.framework */,
				C771B6B9137D6FD400FA004C /* UIKit.framework */,
				C771B691137D6F1200FA004C /* Foundation.framework */,
			);
			name = Frameworks;
			sourceTree = "<group>";
		};
		C771B695137D6F1200FA004C /* Lidenbrock */ = {
			isa = PBXGroup;
			children = (
				C771B6A4137D6F7A00FA004C /* Classes */,
				C771B696137D6F1200FA004C /* Supporting Files */,
			);
			path = Lidenbrock;
			sourceTree = "<group>";
		};
		C771B696137D6F1200FA004C /* Supporting Files */ = {
			isa = PBXGroup;
			children = (
				C771B697137D6F1200FA004C /* Lidenbrock-Info.plist */,
				C771B698137D6F1200FA004C /* InfoPlist.strings */,
				C771B69B137D6F1200FA004C /* Lidenbrock-Prefix.pch */,
			);
			name = "Supporting Files";
			sourceTree = "<group>";
		};
		C771B6A4137D6F7A00FA004C /* Classes */ = {
			isa = PBXGroup;
			children = (
				C771B6A9137D6F7A00FA004C /* Lidenbrock.h */,
				C771B6AA137D6F7A00FA004C /* NSManagedObject+Lidenbrock.h */,
				C771B6AB137D6F7A00FA004C /* NSManagedObject+Lidenbrock.m */,
				C771B6AC137D6F7A00FA004C /* NSManagedObjectContext+Lidenbrock.h */,
				C771B6AD137D6F7A00FA004C /* NSManagedObjectContext+Lidenbrock.m */,
				C771B6A7137D6F7A00FA004C /* LBObjectManager.h */,
				C771B6A8137D6F7A00FA004C /* LBObjectManager.m */,
				C771B6A5137D6F7A00FA004C /* JSONKit.h */,
				C771B6A6137D6F7A00FA004C /* JSONKit.m */,
			);
			path = Classes;
			sourceTree = "<group>";
		};
/* End PBXGroup section */

/* Begin PBXHeadersBuildPhase section */
		C771B68B137D6F1200FA004C /* Headers */ = {
			isa = PBXHeadersBuildPhase;
			buildActionMask = 2147483647;
			files = (
				C771B6AE137D6F7A00FA004C /* JSONKit.h in Headers */,
				C771B6B0137D6F7A00FA004C /* LBObjectManager.h in Headers */,
				C771B6B2137D6F7A00FA004C /* Lidenbrock.h in Headers */,
				C771B6B3137D6F7A00FA004C /* NSManagedObject+Lidenbrock.h in Headers */,
				C771B6B5137D6F7A00FA004C /* NSManagedObjectContext+Lidenbrock.h in Headers */,
			);
			runOnlyForDeploymentPostprocessing = 0;
		};
/* End PBXHeadersBuildPhase section */

/* Begin PBXNativeTarget section */
		C771B68D137D6F1200FA004C /* Lidenbrock */ = {
			isa = PBXNativeTarget;
			buildConfigurationList = C771B69E137D6F1200FA004C /* Build configuration list for PBXNativeTarget "Lidenbrock" */;
			buildPhases = (
				C771B689137D6F1200FA004C /* Sources */,
				C771B68A137D6F1200FA004C /* Frameworks */,
				C771B68B137D6F1200FA004C /* Headers */,
				C771B68C137D6F1200FA004C /* Resources */,
			);
			buildRules = (
			);
			dependencies = (
			);
			name = Lidenbrock;
			productName = Lidenbrock;
			productReference = C771B68E137D6F1200FA004C /* Lidenbrock.framework */;
			productType = "com.apple.product-type.framework.static";
		};
/* End PBXNativeTarget section */

/* Begin PBXProject section */
		C771B684137D6F1200FA004C /* Project object */ = {
			isa = PBXProject;
			attributes = {
				ORGANIZATIONNAME = "Six Degrees";
			};
			buildConfigurationList = C771B687137D6F1200FA004C /* Build configuration list for PBXProject "Lidenbrock" */;
			compatibilityVersion = "Xcode 3.2";
			developmentRegion = English;
			hasScannedForEncodings = 0;
			knownRegions = (
				en,
			);
			mainGroup = C771B682137D6F1200FA004C;
			productRefGroup = C771B68F137D6F1200FA004C /* Products */;
			projectDirPath = "";
			projectRoot = "";
			targets = (
				C771B68D137D6F1200FA004C /* Lidenbrock */,
				C771B694137D6F1200FA004C /* Universal_Framework */,
			);
		};
/* End PBXProject section */

/* Begin PBXResourcesBuildPhase section */
		C771B68C137D6F1200FA004C /* Resources */ = {
			isa = PBXResourcesBuildPhase;
			buildActionMask = 2147483647;
			files = (
				C771B69A137D6F1200FA004C /* InfoPlist.strings in Resources */,
			);
			runOnlyForDeploymentPostprocessing = 0;
		};
/* End PBXResourcesBuildPhase section */

/* Begin PBXShellScriptBuildPhase section */
		C771B693137D6F1200FA004C /* ShellScript */ = {
			isa = PBXShellScriptBuildPhase;
			buildActionMask = 2147483647;
			files = (
			);
			inputPaths = (
			);
			outputPaths = (
			);
			runOnlyForDeploymentPostprocessing = 0;
			shellPath = /bin/sh;
			shellScript = "\n# Assume the target name is the same as the project name\nUFW_TARGET=${PROJECT}\n\nif [ -z ${SDK_NAME} ]; then\n# Use the latest iphoneos SDK available\nUFW_GREP_RESULT=$(xcodebuild -showsdks | grep -o \"iphoneos.*$\")\nwhile read -r line; do\nUFW_SDK_VERSION=\"${line}\"\ndone <<< \"${UFW_GREP_RESULT}\"\nelse\n# Use the SDK specified by XCode\nUFW_SDK_VERSION=\"${SDK_NAME}\"\nfi\n\nUFW_SDK_VERSION=$(echo \"${UFW_SDK_VERSION}\" | grep -o \"[0-9].*$\")\nUFW_FMWK_DIRNAME=\"${UFW_TARGET}.framework\"\nUFW_EMBEDDED_DIRNAME=\"${UFW_TARGET}.embeddedframework\"\nUFW_EXE_PATH=\"${UFW_FMWK_DIRNAME}/Versions/Current/${UFW_TARGET}\"\nUFW_IPHONE_DIR=\"${BUILD_DIR}/${CONFIGURATION}-iphoneos\"\nUFW_SIMULATOR_DIR=\"${BUILD_DIR}/${CONFIGURATION}-iphonesimulator\"\nUFW_UNIVERSAL_DIR=\"${BUILD_DIR}/${CONFIGURATION}-universal\"\n\n\n# Build Framework\n\nrm -rf \"${UFW_UNIVERSAL_DIR}\"\n\nxcodebuild -target \"${UFW_TARGET}\" -configuration ${CONFIGURATION} -sdk iphoneos${UFW_SDK_VERSION} BUILD_DIR=${BUILD_DIR} CONFIGURATION_TEMP_DIR=${CONFIGURATION_TEMP_DIR} clean build\nif [ \"$?\" != \"0\" ]; then echo >&2 \"Error: xcodebuild failed\"; exit 1; fi\nxcodebuild -target \"${UFW_TARGET}\" -configuration ${CONFIGURATION} -sdk iphonesimulator${UFW_SDK_VERSION} BUILD_DIR=${BUILD_DIR} CONFIGURATION_TEMP_DIR=${CONFIGURATION_TEMP_DIR} clean build\nif [ \"$?\" != \"0\" ]; then echo >&2 \"Error: xcodebuild failed\"; exit 1; fi\n\nif [ ! -f \"${UFW_IPHONE_DIR}/${UFW_EXE_PATH}\" ]; then\necho \"Framework target \\\"${UFW_TARGET}\\\" had no source files to build from. Make sure your source files have the correct target membership\"\nexit 1\nfi\n\nmkdir -p \"${UFW_UNIVERSAL_DIR}\"\nif [ \"$?\" != \"0\" ]; then echo >&2 \"Error: mkdir failed\"; exit 1; fi\n\ncp -a \"${UFW_IPHONE_DIR}/${UFW_FMWK_DIRNAME}\" \"${UFW_UNIVERSAL_DIR}/${UFW_FMWK_DIRNAME}\"\nif [ \"$?\" != \"0\" ]; then echo >&2 \"Error: cp failed\"; exit 1; fi\n\nlipo -create -output \"${UFW_UNIVERSAL_DIR}/${UFW_EXE_PATH}\" \"${UFW_IPHONE_DIR}/${UFW_EXE_PATH}\" \"${UFW_SIMULATOR_DIR}/${UFW_EXE_PATH}\"\nif [ \"$?\" != \"0\" ]; then echo >&2 \"Error: lipo failed\"; exit 1; fi\n\n\n# Build Embedded Framework\n\nmkdir -p \"${UFW_UNIVERSAL_DIR}/${UFW_EMBEDDED_DIRNAME}/Resources\"\nif [ \"$?\" != \"0\" ]; then echo >&2 \"Error: mkdir failed\"; exit 1; fi\n\ncp -a \"${UFW_UNIVERSAL_DIR}/${UFW_FMWK_DIRNAME}\" \"${UFW_UNIVERSAL_DIR}/${UFW_EMBEDDED_DIRNAME}/\"\nif [ \"$?\" != \"0\" ]; then echo >&2 \"Error: cp failed\"; exit 1; fi\n\ncd \"${UFW_UNIVERSAL_DIR}/${UFW_FMWK_DIRNAME}/Resources\"\nif [ \"$?\" != \"0\" ]; then echo >&2 \"Error: cd failed\"; exit 1; fi\n\nUFW_RESOURCE_LIST=$(ls)\n\ncd \"${UFW_UNIVERSAL_DIR}/${UFW_EMBEDDED_DIRNAME}/Resources\"\nif [ \"$?\" != \"0\" ]; then echo >&2 \"Error: cd failed\"; exit 1; fi\n\nwhile read -r filename; do\nif [ \"${filename}\" != \"Info.plist\" ]; then\nln -s \"../${UFW_FMWK_DIRNAME}/Resources/${filename}\"\nif [ \"$?\" != \"0\" ]; then echo >&2 \"Error: link failed\"; exit 1; fi\nfi\ndone <<< \"${UFW_RESOURCE_LIST}\"\n\t\t\t\t\t";
		};
/* End PBXShellScriptBuildPhase section */

/* Begin PBXSourcesBuildPhase section */
		C771B689137D6F1200FA004C /* Sources */ = {
			isa = PBXSourcesBuildPhase;
			buildActionMask = 2147483647;
			files = (
				C771B6AF137D6F7A00FA004C /* JSONKit.m in Sources */,
				C771B6B1137D6F7A00FA004C /* LBObjectManager.m in Sources */,
				C771B6B4137D6F7A00FA004C /* NSManagedObject+Lidenbrock.m in Sources */,
				C771B6B6137D6F7A00FA004C /* NSManagedObjectContext+Lidenbrock.m in Sources */,
			);
			runOnlyForDeploymentPostprocessing = 0;
		};
/* End PBXSourcesBuildPhase section */

/* Begin PBXVariantGroup section */
		C771B698137D6F1200FA004C /* InfoPlist.strings */ = {
			isa = PBXVariantGroup;
			children = (
				C771B699137D6F1200FA004C /* en */,
			);
			name = InfoPlist.strings;
			sourceTree = "<group>";
		};
/* End PBXVariantGroup section */

/* Begin XCBuildConfiguration section */
		C771B69C137D6F1200FA004C /* Debug */ = {
			isa = XCBuildConfiguration;
			buildSettings = {
				ARCHS = "$(ARCHS_STANDARD_32_BIT)";
				GCC_C_LANGUAGE_STANDARD = gnu99;
				GCC_OPTIMIZATION_LEVEL = 0;
				GCC_PREPROCESSOR_DEFINITIONS = DEBUG;
				GCC_SYMBOLS_PRIVATE_EXTERN = NO;
				GCC_VERSION = com.apple.compilers.llvmgcc42;
				GCC_WARN_ABOUT_RETURN_TYPE = YES;
				GCC_WARN_UNUSED_VARIABLE = YES;
				IPHONEOS_DEPLOYMENT_TARGET = 4.3;
				SDKROOT = iphoneos;
			};
			name = Debug;
		};
		C771B69D137D6F1200FA004C /* Release */ = {
			isa = XCBuildConfiguration;
			buildSettings = {
				ARCHS = "$(ARCHS_STANDARD_32_BIT)";
				GCC_C_LANGUAGE_STANDARD = gnu99;
				GCC_VERSION = com.apple.compilers.llvmgcc42;
				GCC_WARN_ABOUT_RETURN_TYPE = YES;
				GCC_WARN_UNUSED_VARIABLE = YES;
				IPHONEOS_DEPLOYMENT_TARGET = 4.3;
				SDKROOT = iphoneos;
			};
			name = Release;
		};
		C771B69F137D6F1200FA004C /* Debug */ = {
			isa = XCBuildConfiguration;
			buildSettings = {
				ALWAYS_SEARCH_USER_PATHS = NO;
				DYLIB_COMPATIBILITY_VERSION = 1;
				DYLIB_CURRENT_VERSION = 1;
				FRAMEWORK_VERSION = A;
				GCC_PRECOMPILE_PREFIX_HEADER = YES;
				GCC_PREFIX_HEADER = "Lidenbrock/Lidenbrock-Prefix.pch";
				INFOPLIST_FILE = "Lidenbrock/Lidenbrock-Info.plist";
				PRODUCT_NAME = "$(TARGET_NAME)";
				SKIP_INSTALL = YES;
				WRAPPER_EXTENSION = framework;
			};
			name = Debug;
		};
		C771B6A0137D6F1200FA004C /* Release */ = {
			isa = XCBuildConfiguration;
			buildSettings = {
				ALWAYS_SEARCH_USER_PATHS = NO;
				DYLIB_COMPATIBILITY_VERSION = 1;
				DYLIB_CURRENT_VERSION = 1;
				FRAMEWORK_VERSION = A;
				GCC_PRECOMPILE_PREFIX_HEADER = YES;
				GCC_PREFIX_HEADER = "Lidenbrock/Lidenbrock-Prefix.pch";
				INFOPLIST_FILE = "Lidenbrock/Lidenbrock-Info.plist";
				PRODUCT_NAME = "$(TARGET_NAME)";
				SKIP_INSTALL = YES;
				WRAPPER_EXTENSION = framework;
			};
			name = Release;
		};
		C771B6A2137D6F1200FA004C /* Debug */ = {
			isa = XCBuildConfiguration;
			buildSettings = {
				PRODUCT_NAME = UniversalFramework;
			};
			name = Debug;
		};
		C771B6A3137D6F1200FA004C /* Release */ = {
			isa = XCBuildConfiguration;
			buildSettings = {
				PRODUCT_NAME = UniversalFramework;
			};
			name = Release;
		};
/* End XCBuildConfiguration section */

/* Begin XCConfigurationList section */
		C771B687137D6F1200FA004C /* Build configuration list for PBXProject "Lidenbrock" */ = {
			isa = XCConfigurationList;
			buildConfigurations = (
				C771B69C137D6F1200FA004C /* Debug */,
				C771B69D137D6F1200FA004C /* Release */,
			);
			defaultConfigurationIsVisible = 0;
			defaultConfigurationName = Release;
		};
		C771B69E137D6F1200FA004C /* Build configuration list for PBXNativeTarget "Lidenbrock" */ = {
			isa = XCConfigurationList;
			buildConfigurations = (
				C771B69F137D6F1200FA004C /* Debug */,
				C771B6A0137D6F1200FA004C /* Release */,
			);
			defaultConfigurationIsVisible = 0;
			defaultConfigurationName = Release;
		};
		C771B6A1137D6F1200FA004C /* Build configuration list for PBXAggregateTarget "Universal_Framework" */ = {
			isa = XCConfigurationList;
			buildConfigurations = (
				C771B6A2137D6F1200FA004C /* Debug */,
				C771B6A3137D6F1200FA004C /* Release */,
			);
			defaultConfigurationIsVisible = 0;
			defaultConfigurationName = Release;
		};
/* End XCConfigurationList section */
	};
	rootObject = C771B684137D6F1200FA004C /* Project object */;
}
